
Microsoft Visual Studio Solution File, Format Version 12.00
# Visual Studio 16
Project("{FAE04EC0-301F-11D3-BF4B-00C04F79EFBC}") = "Assembly-CSharp", "Assembly-CSharp.csproj", "{14A53C3C-13E5-E842-D376-E9FA14390276}"
EndProject
Global
	GlobalSection(SolutionConfigurationPlatforms) = preSolution
		Debug|Any CPU = Debug|Any CPU
		Release|Any CPU = Release|Any CPU
	EndGlobalSection
	GlobalSection(ProjectConfigurationPlatforms) = postSolution
		{14A53C3C-13E5-E842-D376-E9FA14390276}.Debug|Any CPU.ActiveCfg = Debug|Any CPU
		{14A53C3C-13E5-E842-D376-E9FA14390276}.Debug|Any CPU.Build.0 = Debug|Any CPU
		{14A53C3C-13E5-E842-D376-E9FA14390276}.Release|Any CPU.ActiveCfg = Release|Any CPU
		{14A53C3C-13E5-E842-D376-E9FA14390276}.Release|Any CPU.Build.0 = Release|Any CPU
	EndGlobalSection
	GlobalSection(SolutionProperties) = preSolution
		HideSolutionNode = FALSE
	EndGlobalSection
EndGlobal
